# THIS IS AN AUTOGENERATED FILE. DO NOT EDIT THIS FILE DIRECTLY.
# yarn lockfile v1


node-bin-setup@^1.0.0:
  version "1.1.4"
  resolved "https://registry.yarnpkg.com/node-bin-setup/-/node-bin-setup-1.1.4.tgz#e5a666044152b54d8d84b95297977ae07fd04047"
  integrity sha512-vWNHOne0ZUavArqPP5LJta50+S8R261Fr5SvGul37HbEDcowvLjwdvd0ZeSr0r2lTSrPxl6okq9QUw8BFGiAxA==

node@^25.3.0:
  version "25.3.0"
  resolved "https://registry.yarnpkg.com/node/-/node-25.3.0.tgz#947a2ec5492a4354317c18ad2846a7c2240a5531"
  integrity sha512-wd+caue6RYo+RcLgfemjPXfEQ+hDf8isjM2GrJnO7ldWu9itnW9hKVp2t4BterAddvFWw7dIOEHpsNJQd4jN+w==
  dependencies:
    node-bin-setup "^1.0.0"
